{
  "version": 4,
  "terraform_version": "0.14.3",
  "serial": 5,
  "lineage": "7408f7bd-86fb-8cb4-0f9a-499ab7e30f87",
  "outputs": {
    "kubernetes_cluster_host": {
      "value": "34.122.165.212",
      "type": "string"
    },
    "kubernetes_cluster_name": {
      "value": "todolist-302506-gke",
      "type": "string"
    },
    "project_id": {
      "value": "todolist-302506",
      "type": "string"
    },
    "region": {
      "value": "us-central1",
      "type": "string"
    }
  },
  "resources": [
    {
      "mode": "managed",
      "type": "google_compute_network",
      "name": "vpc",
      "provider": "provider[\"registry.terraform.io/hashicorp/google\"]",
      "instances": [
        {
          "schema_version": 0,
          "attributes": {
            "auto_create_subnetworks": false,
            "delete_default_routes_on_create": false,
            "description": "",
            "gateway_ipv4": "",
            "id": "projects/todolist-302506/global/networks/todolist-302506-vpc",
            "mtu": 0,
            "name": "todolist-302506-vpc",
            "project": "todolist-302506",
            "routing_mode": "REGIONAL",
            "self_link": "https://www.googleapis.com/compute/v1/projects/todolist-302506/global/networks/todolist-302506-vpc",
            "timeouts": null
          },
          "sensitive_attributes": [],
          "private": "eyJlMmJmYjczMC1lY2FhLTExZTYtOGY4OC0zNDM2M2JjN2M0YzAiOnsiY3JlYXRlIjoyNDAwMDAwMDAwMDAsImRlbGV0ZSI6MjQwMDAwMDAwMDAwLCJ1cGRhdGUiOjI0MDAwMDAwMDAwMH19"
        }
      ]
    },
    {
      "mode": "managed",
      "type": "google_compute_subnetwork",
      "name": "subnet",
      "provider": "provider[\"registry.terraform.io/hashicorp/google\"]",
      "instances": [
        {
          "schema_version": 0,
          "attributes": {
            "creation_timestamp": "2021-01-27T00:06:03.212-08:00",
            "description": "",
            "fingerprint": null,
            "gateway_address": "10.10.0.1",
            "id": "projects/todolist-302506/regions/us-central1/subnetworks/todolist-302506-subnet",
            "ip_cidr_range": "10.10.0.0/24",
            "log_config": [],
            "name": "todolist-302506-subnet",
            "network": "https://www.googleapis.com/compute/v1/projects/todolist-302506/global/networks/todolist-302506-vpc",
            "private_ip_google_access": false,
            "private_ipv6_google_access": "DISABLE_GOOGLE_ACCESS",
            "project": "todolist-302506",
            "region": "us-central1",
            "secondary_ip_range": [],
            "self_link": "https://www.googleapis.com/compute/v1/projects/todolist-302506/regions/us-central1/subnetworks/todolist-302506-subnet",
            "timeouts": null
          },
          "sensitive_attributes": [],
          "private": "eyJlMmJmYjczMC1lY2FhLTExZTYtOGY4OC0zNDM2M2JjN2M0YzAiOnsiY3JlYXRlIjozNjAwMDAwMDAwMDAsImRlbGV0ZSI6MzYwMDAwMDAwMDAwLCJ1cGRhdGUiOjM2MDAwMDAwMDAwMH19",
          "dependencies": [
            "google_compute_network.vpc"
          ]
        }
      ]
    },
    {
      "mode": "managed",
      "type": "google_container_cluster",
      "name": "primary",
      "provider": "provider[\"registry.terraform.io/hashicorp/google\"]",
      "instances": [
        {
          "schema_version": 1,
          "attributes": {
            "addons_config": [
              {
                "cloudrun_config": [],
                "horizontal_pod_autoscaling": [],
                "http_load_balancing": [],
                "network_policy_config": [
                  {
                    "disabled": true
                  }
                ]
              }
            ],
            "authenticator_groups_config": [],
            "cluster_autoscaling": [
              {
                "auto_provisioning_defaults": [],
                "enabled": false,
                "resource_limits": []
              }
            ],
            "cluster_ipv4_cidr": "10.248.0.0/14",
            "database_encryption": [
              {
                "key_name": "",
                "state": "DECRYPTED"
              }
            ],
            "default_max_pods_per_node": null,
            "description": "",
            "enable_binary_authorization": false,
            "enable_intranode_visibility": null,
            "enable_kubernetes_alpha": false,
            "enable_legacy_abac": false,
            "enable_shielded_nodes": false,
            "enable_tpu": null,
            "endpoint": "34.122.165.212",
            "id": "projects/todolist-302506/locations/us-central1/clusters/todolist-302506-gke",
            "initial_node_count": 1,
            "instance_group_urls": [],
            "ip_allocation_policy": [],
            "label_fingerprint": "a9dc16a7",
            "location": "us-central1",
            "logging_service": "logging.googleapis.com/kubernetes",
            "maintenance_policy": [],
            "master_auth": [
              {
                "client_certificate": "",
                "client_certificate_config": [
                  {
                    "issue_client_certificate": false
                  }
                ],
                "client_key": "",
                "cluster_ca_certificate": "LS0tLS1CRUdJTiBDRVJUSUZJQ0FURS0tLS0tCk1JSURLakNDQWhLZ0F3SUJBZ0lRTmxVWTYydXhxQkNUSExQWGJ6K0d0ekFOQmdrcWhraUc5dzBCQVFzRkFEQXYKTVMwd0t3WURWUVFERXlSbFlUZ3hOMk0xT1MwMlpUUXpMVFEwTXpJdFlqSTVaQzAxWm1Nd09HWm1OR0U0TVRFdwpIaGNOTWpFd01USTNNRGN3TmpFMVdoY05Nall3TVRJMk1EZ3dOakUxV2pBdk1TMHdLd1lEVlFRREV5UmxZVGd4Ck4yTTFPUzAyWlRRekxUUTBNekl0WWpJNVpDMDFabU13T0dabU5HRTRNVEV3Z2dFaU1BMEdDU3FHU0liM0RRRUIKQVFVQUE0SUJEd0F3Z2dFS0FvSUJBUUNNRDRJV0ZDSVFHZS9VRENXV2JPU0hSZ1dFY29sNEI4NzU0bFJzdFdVSwo5T1MvRHYvNmdGQkRyMFY5bkg5RnIyVGowOWxnV21MMGRKTUZhSmVoMU5CVGcxWWVKYWxOc0l4N1l4MG8vOEFMCkJaZHNCWWZCc0VEa1ZsRElGY2NyMzVtMlpUa3UyeHVBQWpJTkZab3RaY3YzVEZ5TmFoSmQydkNPbGVXSmdzWmwKeWFRNG02YVAvV3dTaTAyYWlTZmNselVMcHA5UHNCZzIwaTNDNk5CclliVTdPUGhtRXJqRWNibjBrellYTks5RAp0MkJSSkpWSG84NzNDZFJPTDF5aDF5SnliUmU2VjVyeG9ZQ2Z5cUk4V2RiM0t0UjZwa2pHSktrQ2pINkR3NFYxCmZkQjFERkh4Vy96ZC9TNnVLcXlBVGh4TU9STnIyemNwenRtbzB1YTZWWjZYQWdNQkFBR2pRakJBTUE0R0ExVWQKRHdFQi93UUVBd0lDQkRBUEJnTlZIUk1CQWY4RUJUQURBUUgvTUIwR0ExVWREZ1FXQkJTSG42NWNRWitMRlMyOQovK2hhQ2tqdnJyWXJMVEFOQmdrcWhraUc5dzBCQVFzRkFBT0NBUUVBTEFSYkc1bW1ORkVWWDUyRHVLQW9XTkFqCjEyN2hNcWtkZjQwdEdLY1h3d05VVE1ZR2lDV3pjMHlFbTl5ZkdOZ0JacFdnN1dPRVNLNHBidmdOcUpLTzVmMHUKemlhamd3Z3BWTlNyVVdMRU4vemxlSTcxZm9lUUhlRVNKRVl5ejFhQmxsQzRoL3lzcFl4VHhSV0MwQmxadUNmZwo0QmswSUgzNy9yRHpNbnB0eER3K3g1cFZMSk1vZ29DNDIzODBySHZBQlBRdE9FKzgrRGcveEM1M0FQemNSOUR5CmhLSWg2OFB2T3J6dDh5SVhXQjJBemxGUTZhc0ZoUEswaVUvWHBjNEpmbFhXcE44bWU3VHFQRHVabEZRTEFONU8KUlp0U1VrYzlYVjUwTnhUR2FGcXhJTlpLRTBkK2xCc1QxRXNRam8zV0dOcEswODFYOEhYK0F6cWp6ZTdaelE9PQotLS0tLUVORCBDRVJUSUZJQ0FURS0tLS0tCg==",
                "password": "",
                "username": ""
              }
            ],
            "master_authorized_networks_config": [],
            "master_version": "1.16.15-gke.6000",
            "min_master_version": null,
            "monitoring_service": "monitoring.googleapis.com/kubernetes",
            "name": "todolist-302506-gke",
            "network": "projects/todolist-302506/global/networks/todolist-302506-vpc",
            "network_policy": [
              {
                "enabled": false,
                "provider": "PROVIDER_UNSPECIFIED"
              }
            ],
            "node_config": [],
            "node_locations": [
              "us-central1-a",
              "us-central1-c",
              "us-central1-f"
            ],
            "node_pool": [],
            "node_version": "1.16.15-gke.6000",
            "operation": null,
            "pod_security_policy_config": [],
            "private_cluster_config": [],
            "project": "todolist-302506",
            "release_channel": [
              {
                "channel": "UNSPECIFIED"
              }
            ],
            "remove_default_node_pool": true,
            "resource_labels": {},
            "resource_usage_export_config": [],
            "self_link": "https://container.googleapis.com/v1beta1/projects/todolist-302506/locations/us-central1/clusters/todolist-302506-gke",
            "services_ipv4_cidr": "10.251.240.0/20",
            "subnetwork": "projects/todolist-302506/regions/us-central1/subnetworks/todolist-302506-subnet",
            "timeouts": null,
            "vertical_pod_autoscaling": [],
            "workload_identity_config": []
          },
          "sensitive_attributes": [],
          "private": "eyJlMmJmYjczMC1lY2FhLTExZTYtOGY4OC0zNDM2M2JjN2M0YzAiOnsiY3JlYXRlIjoyNDAwMDAwMDAwMDAwLCJkZWxldGUiOjI0MDAwMDAwMDAwMDAsInJlYWQiOjI0MDAwMDAwMDAwMDAsInVwZGF0ZSI6MzYwMDAwMDAwMDAwMH0sInNjaGVtYV92ZXJzaW9uIjoiMSJ9",
          "dependencies": [
            "google_compute_network.vpc",
            "google_compute_subnetwork.subnet"
          ]
        }
      ]
    },
    {
      "mode": "managed",
      "type": "google_container_node_pool",
      "name": "primary_nodes",
      "provider": "provider[\"registry.terraform.io/hashicorp/google\"]",
      "instances": []
    }
  ]
}
